
Microsoft Visual Studio Solution File, Format Version 12.00
# Visual Studio 2013
VisualStudioVersion = 12.0.30723.0
MinimumVisualStudioVersion = 10.0.40219.1
Project("{FAE04EC0-301F-11D3-BF4B-00C04F79EFBC}") = "PowerShellTools", "PowerShellTools\PowerShellTools.csproj", "{456D66A8-E05E-496D-BDCE-AF24BBC12E0D}"
	ProjectSection(ProjectDependencies) = postProject
		{FA8CCD72-C969-49D5-90C7-941A45F6AFAB} = {FA8CCD72-C969-49D5-90C7-941A45F6AFAB}
		{FBD829FD-06AB-42D4-9F6A-FFC863871997} = {FBD829FD-06AB-42D4-9F6A-FFC863871997}
	EndProjectSection
EndProject
Project("{FAE04EC0-301F-11D3-BF4B-00C04F79EFBC}") = "PowerShellTools.Test", "PowerShellTools.Test\PowerShellTools.Test.csproj", "{56CBAB0A-1CB3-416B-9F00-D2CE1372191D}"
EndProject
Project("{FAE04EC0-301F-11D3-BF4B-00C04F79EFBC}") = "PowerShellTools.TestAdapter", "PowerShellTools.TestAdapter\PowerShellTools.TestAdapter.csproj", "{DF4AB4F5-6B06-4AAE-AEE7-8CAB296DB5F9}"
EndProject
Project("{FAE04EC0-301F-11D3-BF4B-00C04F79EFBC}") = "ReplWindow", "ReplWindow\ReplWindow.csproj", "{20BB6FAC-44D2-4D76-ABFE-0C1E163A1A4F}"
EndProject
Project("{2150E333-8FDC-42A3-9474-1A3956D46DE8}") = "Templates", "Templates", "{A3487417-7150-4167-A49B-17232282C8BD}"
	ProjectSection(SolutionItems) = preProject
		PowerShellTools\Templates\Files\PowerShell.ico = PowerShellTools\Templates\Files\PowerShell.ico
		ReadMe.txt = ReadMe.txt
	EndProjectSection
EndProject
Project("{2150E333-8FDC-42A3-9474-1A3956D46DE8}") = "Projects", "Projects", "{028A13C9-707F-4DEF-ABE9-6357A67BD038}"
EndProject
Project("{2150E333-8FDC-42A3-9474-1A3956D46DE8}") = "Items", "Items", "{B6E0F665-EFD4-4A1B-ABB9-005E447F2FFB}"
EndProject
Project("{FAE04EC0-301F-11D3-BF4B-00C04F79EFBC}") = "BasicPowerShellModuleProject", "Templates\Projects\BasicPowerShellModuleProject\BasicPowerShellModuleProject.csproj", "{3895C5E1-B462-44C5-BF9D-0F7FE021C20E}"
EndProject
Project("{FAE04EC0-301F-11D3-BF4B-00C04F79EFBC}") = "TDDPowerShellModuleProject", "Templates\Projects\TDDPowerShellModuleProject\TDDPowerShellModuleProject.csproj", "{8D683198-D70E-4CA8-B3DF-2070C86FA627}"
EndProject
Project("{FAE04EC0-301F-11D3-BF4B-00C04F79EFBC}") = "PowerShellDataFile", "Templates\Items\PowerShellDataFile\PowerShellDataFile.csproj", "{5EC4ABAF-1EFE-4C25-BB9B-7141E25661AE}"
EndProject
Project("{FAE04EC0-301F-11D3-BF4B-00C04F79EFBC}") = "PowerShellScriptFile", "Templates\Items\PowerShellScriptFile\PowerShellScriptFile.csproj", "{A97EA148-D009-47FE-9D97-545B5DFCE01F}"
EndProject
Project("{FAE04EC0-301F-11D3-BF4B-00C04F79EFBC}") = "PowerShellScriptModuleFile", "Templates\Items\PowerShellScriptModuleFile\PowerShellScriptModuleFile.csproj", "{FA8CCD72-C969-49D5-90C7-941A45F6AFAB}"
EndProject
Project("{FAE04EC0-301F-11D3-BF4B-00C04F79EFBC}") = "PowerShellPesterTestFile", "Templates\Items\PowerShellPesterTestFile\PowerShellPesterTestFile.csproj", "{FBD829FD-06AB-42D4-9F6A-FFC863871997}"
EndProject
Project("{FAE04EC0-301F-11D3-BF4B-00C04F79EFBC}") = "PowerShellScriptProject", "Templates\Projects\PowerShellScriptProject\PowerShellScriptProject.csproj", "{26E659DC-EF7A-48CC-8DA4-524A4D26555A}"
EndProject
Project("{FAE04EC0-301F-11D3-BF4B-00C04F79EFBC}") = "PowershellFormatFile", "Templates\Items\PowershellFormatFile\PowershellFormatFile.csproj", "{FEBE1308-1B0F-49D5-996B-350F39D3127C}"
EndProject
Global
	GlobalSection(SolutionConfigurationPlatforms) = preSolution
		Clean Debug|Any CPU = Clean Debug|Any CPU
		Clean Debug|Mixed Platforms = Clean Debug|Mixed Platforms
		Clean Debug|x86 = Clean Debug|x86
		Debug|Any CPU = Debug|Any CPU
		Debug|Mixed Platforms = Debug|Mixed Platforms
		Debug|x86 = Debug|x86
		Release|Any CPU = Release|Any CPU
		Release|Mixed Platforms = Release|Mixed Platforms
		Release|x86 = Release|x86
	EndGlobalSection
	GlobalSection(ProjectConfigurationPlatforms) = postSolution
		{456D66A8-E05E-496D-BDCE-AF24BBC12E0D}.Clean Debug|Any CPU.ActiveCfg = Clean Debug|Any CPU
		{456D66A8-E05E-496D-BDCE-AF24BBC12E0D}.Clean Debug|Any CPU.Build.0 = Clean Debug|Any CPU
		{456D66A8-E05E-496D-BDCE-AF24BBC12E0D}.Clean Debug|Mixed Platforms.ActiveCfg = Clean Debug|x86
		{456D66A8-E05E-496D-BDCE-AF24BBC12E0D}.Clean Debug|Mixed Platforms.Build.0 = Clean Debug|x86
		{456D66A8-E05E-496D-BDCE-AF24BBC12E0D}.Clean Debug|x86.ActiveCfg = Clean Debug|x86
		{456D66A8-E05E-496D-BDCE-AF24BBC12E0D}.Clean Debug|x86.Build.0 = Clean Debug|x86
		{456D66A8-E05E-496D-BDCE-AF24BBC12E0D}.Debug|Any CPU.ActiveCfg = Debug|Any CPU
		{456D66A8-E05E-496D-BDCE-AF24BBC12E0D}.Debug|Any CPU.Build.0 = Debug|Any CPU
		{456D66A8-E05E-496D-BDCE-AF24BBC12E0D}.Debug|Mixed Platforms.ActiveCfg = Debug|x86
		{456D66A8-E05E-496D-BDCE-AF24BBC12E0D}.Debug|Mixed Platforms.Build.0 = Debug|x86
		{456D66A8-E05E-496D-BDCE-AF24BBC12E0D}.Debug|x86.ActiveCfg = Debug|x86
		{456D66A8-E05E-496D-BDCE-AF24BBC12E0D}.Debug|x86.Build.0 = Debug|x86
		{456D66A8-E05E-496D-BDCE-AF24BBC12E0D}.Release|Any CPU.ActiveCfg = Release|Any CPU
		{456D66A8-E05E-496D-BDCE-AF24BBC12E0D}.Release|Any CPU.Build.0 = Release|Any CPU
		{456D66A8-E05E-496D-BDCE-AF24BBC12E0D}.Release|Mixed Platforms.ActiveCfg = Release|x86
		{456D66A8-E05E-496D-BDCE-AF24BBC12E0D}.Release|Mixed Platforms.Build.0 = Release|x86
		{456D66A8-E05E-496D-BDCE-AF24BBC12E0D}.Release|x86.ActiveCfg = Release|x86
		{456D66A8-E05E-496D-BDCE-AF24BBC12E0D}.Release|x86.Build.0 = Release|x86
		{56CBAB0A-1CB3-416B-9F00-D2CE1372191D}.Clean Debug|Any CPU.ActiveCfg = Clean Debug|x86
		{56CBAB0A-1CB3-416B-9F00-D2CE1372191D}.Clean Debug|Mixed Platforms.ActiveCfg = Clean Debug|x86
		{56CBAB0A-1CB3-416B-9F00-D2CE1372191D}.Clean Debug|Mixed Platforms.Build.0 = Clean Debug|x86
		{56CBAB0A-1CB3-416B-9F00-D2CE1372191D}.Clean Debug|x86.ActiveCfg = Clean Debug|x86
		{56CBAB0A-1CB3-416B-9F00-D2CE1372191D}.Clean Debug|x86.Build.0 = Clean Debug|x86
		{56CBAB0A-1CB3-416B-9F00-D2CE1372191D}.Debug|Any CPU.ActiveCfg = Debug|x86
		{56CBAB0A-1CB3-416B-9F00-D2CE1372191D}.Debug|Mixed Platforms.ActiveCfg = Debug|x86
		{56CBAB0A-1CB3-416B-9F00-D2CE1372191D}.Debug|Mixed Platforms.Build.0 = Debug|x86
		{56CBAB0A-1CB3-416B-9F00-D2CE1372191D}.Debug|x86.ActiveCfg = Debug|x86
		{56CBAB0A-1CB3-416B-9F00-D2CE1372191D}.Debug|x86.Build.0 = Debug|x86
		{56CBAB0A-1CB3-416B-9F00-D2CE1372191D}.Release|Any CPU.ActiveCfg = Release|x86
		{56CBAB0A-1CB3-416B-9F00-D2CE1372191D}.Release|Mixed Platforms.ActiveCfg = Release|x86
		{56CBAB0A-1CB3-416B-9F00-D2CE1372191D}.Release|Mixed Platforms.Build.0 = Release|x86
		{56CBAB0A-1CB3-416B-9F00-D2CE1372191D}.Release|x86.ActiveCfg = Release|x86
		{56CBAB0A-1CB3-416B-9F00-D2CE1372191D}.Release|x86.Build.0 = Release|x86
		{DF4AB4F5-6B06-4AAE-AEE7-8CAB296DB5F9}.Clean Debug|Any CPU.ActiveCfg = Clean Debug|Any CPU
		{DF4AB4F5-6B06-4AAE-AEE7-8CAB296DB5F9}.Clean Debug|Any CPU.Build.0 = Clean Debug|Any CPU
		{DF4AB4F5-6B06-4AAE-AEE7-8CAB296DB5F9}.Clean Debug|Mixed Platforms.ActiveCfg = Clean Debug|Any CPU
		{DF4AB4F5-6B06-4AAE-AEE7-8CAB296DB5F9}.Clean Debug|Mixed Platforms.Build.0 = Clean Debug|Any CPU
		{DF4AB4F5-6B06-4AAE-AEE7-8CAB296DB5F9}.Clean Debug|x86.ActiveCfg = Clean Debug|Any CPU
		{DF4AB4F5-6B06-4AAE-AEE7-8CAB296DB5F9}.Clean Debug|x86.Build.0 = Clean Debug|Any CPU
		{DF4AB4F5-6B06-4AAE-AEE7-8CAB296DB5F9}.Debug|Any CPU.ActiveCfg = Debug|Any CPU
		{DF4AB4F5-6B06-4AAE-AEE7-8CAB296DB5F9}.Debug|Any CPU.Build.0 = Debug|Any CPU
		{DF4AB4F5-6B06-4AAE-AEE7-8CAB296DB5F9}.Debug|Mixed Platforms.ActiveCfg = Debug|Any CPU
		{DF4AB4F5-6B06-4AAE-AEE7-8CAB296DB5F9}.Debug|Mixed Platforms.Build.0 = Debug|Any CPU
		{DF4AB4F5-6B06-4AAE-AEE7-8CAB296DB5F9}.Debug|x86.ActiveCfg = Debug|Any CPU
		{DF4AB4F5-6B06-4AAE-AEE7-8CAB296DB5F9}.Debug|x86.Build.0 = Debug|Any CPU
		{DF4AB4F5-6B06-4AAE-AEE7-8CAB296DB5F9}.Release|Any CPU.ActiveCfg = Release|Any CPU
		{DF4AB4F5-6B06-4AAE-AEE7-8CAB296DB5F9}.Release|Any CPU.Build.0 = Release|Any CPU
		{DF4AB4F5-6B06-4AAE-AEE7-8CAB296DB5F9}.Release|Mixed Platforms.ActiveCfg = Release|Any CPU
		{DF4AB4F5-6B06-4AAE-AEE7-8CAB296DB5F9}.Release|Mixed Platforms.Build.0 = Release|Any CPU
		{DF4AB4F5-6B06-4AAE-AEE7-8CAB296DB5F9}.Release|x86.ActiveCfg = Release|Any CPU
		{DF4AB4F5-6B06-4AAE-AEE7-8CAB296DB5F9}.Release|x86.Build.0 = Release|Any CPU
		{20BB6FAC-44D2-4D76-ABFE-0C1E163A1A4F}.Clean Debug|Any CPU.ActiveCfg = Clean Debug|Any CPU
		{20BB6FAC-44D2-4D76-ABFE-0C1E163A1A4F}.Clean Debug|Any CPU.Build.0 = Clean Debug|Any CPU
		{20BB6FAC-44D2-4D76-ABFE-0C1E163A1A4F}.Clean Debug|Mixed Platforms.ActiveCfg = Clean Debug|Any CPU
		{20BB6FAC-44D2-4D76-ABFE-0C1E163A1A4F}.Clean Debug|Mixed Platforms.Build.0 = Clean Debug|Any CPU
		{20BB6FAC-44D2-4D76-ABFE-0C1E163A1A4F}.Clean Debug|x86.ActiveCfg = Clean Debug|Any CPU
		{20BB6FAC-44D2-4D76-ABFE-0C1E163A1A4F}.Clean Debug|x86.Build.0 = Clean Debug|Any CPU
		{20BB6FAC-44D2-4D76-ABFE-0C1E163A1A4F}.Debug|Any CPU.ActiveCfg = Debug|Any CPU
		{20BB6FAC-44D2-4D76-ABFE-0C1E163A1A4F}.Debug|Any CPU.Build.0 = Debug|Any CPU
		{20BB6FAC-44D2-4D76-ABFE-0C1E163A1A4F}.Debug|Mixed Platforms.ActiveCfg = Debug|Any CPU
		{20BB6FAC-44D2-4D76-ABFE-0C1E163A1A4F}.Debug|Mixed Platforms.Build.0 = Debug|Any CPU
		{20BB6FAC-44D2-4D76-ABFE-0C1E163A1A4F}.Debug|x86.ActiveCfg = Debug|Any CPU
		{20BB6FAC-44D2-4D76-ABFE-0C1E163A1A4F}.Debug|x86.Build.0 = Debug|Any CPU
		{20BB6FAC-44D2-4D76-ABFE-0C1E163A1A4F}.Release|Any CPU.ActiveCfg = Debug|Any CPU
		{20BB6FAC-44D2-4D76-ABFE-0C1E163A1A4F}.Release|Any CPU.Build.0 = Debug|Any CPU
		{20BB6FAC-44D2-4D76-ABFE-0C1E163A1A4F}.Release|Mixed Platforms.ActiveCfg = Release|Any CPU
		{20BB6FAC-44D2-4D76-ABFE-0C1E163A1A4F}.Release|Mixed Platforms.Build.0 = Release|Any CPU
		{20BB6FAC-44D2-4D76-ABFE-0C1E163A1A4F}.Release|x86.ActiveCfg = Release|Any CPU
		{20BB6FAC-44D2-4D76-ABFE-0C1E163A1A4F}.Release|x86.Build.0 = Release|Any CPU
		{3895C5E1-B462-44C5-BF9D-0F7FE021C20E}.Clean Debug|Any CPU.ActiveCfg = Clean Debug|Any CPU
		{3895C5E1-B462-44C5-BF9D-0F7FE021C20E}.Clean Debug|Any CPU.Build.0 = Clean Debug|Any CPU
		{3895C5E1-B462-44C5-BF9D-0F7FE021C20E}.Clean Debug|Mixed Platforms.ActiveCfg = Clean Debug|Any CPU
		{3895C5E1-B462-44C5-BF9D-0F7FE021C20E}.Clean Debug|Mixed Platforms.Build.0 = Clean Debug|Any CPU
		{3895C5E1-B462-44C5-BF9D-0F7FE021C20E}.Clean Debug|x86.ActiveCfg = Clean Debug|Any CPU
		{3895C5E1-B462-44C5-BF9D-0F7FE021C20E}.Clean Debug|x86.Build.0 = Clean Debug|Any CPU
		{3895C5E1-B462-44C5-BF9D-0F7FE021C20E}.Debug|Any CPU.ActiveCfg = Debug|Any CPU
		{3895C5E1-B462-44C5-BF9D-0F7FE021C20E}.Debug|Any CPU.Build.0 = Debug|Any CPU
		{3895C5E1-B462-44C5-BF9D-0F7FE021C20E}.Debug|Mixed Platforms.ActiveCfg = Debug|Any CPU
		{3895C5E1-B462-44C5-BF9D-0F7FE021C20E}.Debug|Mixed Platforms.Build.0 = Debug|Any CPU
		{3895C5E1-B462-44C5-BF9D-0F7FE021C20E}.Debug|x86.ActiveCfg = Debug|Any CPU
		{3895C5E1-B462-44C5-BF9D-0F7FE021C20E}.Debug|x86.Build.0 = Debug|Any CPU
		{3895C5E1-B462-44C5-BF9D-0F7FE021C20E}.Release|Any CPU.ActiveCfg = Release|Any CPU
		{3895C5E1-B462-44C5-BF9D-0F7FE021C20E}.Release|Any CPU.Build.0 = Release|Any CPU
		{3895C5E1-B462-44C5-BF9D-0F7FE021C20E}.Release|Mixed Platforms.ActiveCfg = Release|Any CPU
		{3895C5E1-B462-44C5-BF9D-0F7FE021C20E}.Release|Mixed Platforms.Build.0 = Release|Any CPU
		{3895C5E1-B462-44C5-BF9D-0F7FE021C20E}.Release|x86.ActiveCfg = Release|Any CPU
		{3895C5E1-B462-44C5-BF9D-0F7FE021C20E}.Release|x86.Build.0 = Release|Any CPU
		{8D683198-D70E-4CA8-B3DF-2070C86FA627}.Clean Debug|Any CPU.ActiveCfg = Clean Debug|Any CPU
		{8D683198-D70E-4CA8-B3DF-2070C86FA627}.Clean Debug|Any CPU.Build.0 = Clean Debug|Any CPU
		{8D683198-D70E-4CA8-B3DF-2070C86FA627}.Clean Debug|Mixed Platforms.ActiveCfg = Clean Debug|Any CPU
		{8D683198-D70E-4CA8-B3DF-2070C86FA627}.Clean Debug|Mixed Platforms.Build.0 = Clean Debug|Any CPU
		{8D683198-D70E-4CA8-B3DF-2070C86FA627}.Clean Debug|x86.ActiveCfg = Clean Debug|Any CPU
		{8D683198-D70E-4CA8-B3DF-2070C86FA627}.Clean Debug|x86.Build.0 = Clean Debug|Any CPU
		{8D683198-D70E-4CA8-B3DF-2070C86FA627}.Debug|Any CPU.ActiveCfg = Debug|Any CPU
		{8D683198-D70E-4CA8-B3DF-2070C86FA627}.Debug|Any CPU.Build.0 = Debug|Any CPU
		{8D683198-D70E-4CA8-B3DF-2070C86FA627}.Debug|Mixed Platforms.ActiveCfg = Debug|Any CPU
		{8D683198-D70E-4CA8-B3DF-2070C86FA627}.Debug|Mixed Platforms.Build.0 = Debug|Any CPU
		{8D683198-D70E-4CA8-B3DF-2070C86FA627}.Debug|x86.ActiveCfg = Debug|Any CPU
		{8D683198-D70E-4CA8-B3DF-2070C86FA627}.Debug|x86.Build.0 = Debug|Any CPU
		{8D683198-D70E-4CA8-B3DF-2070C86FA627}.Release|Any CPU.ActiveCfg = Release|Any CPU
		{8D683198-D70E-4CA8-B3DF-2070C86FA627}.Release|Any CPU.Build.0 = Release|Any CPU
		{8D683198-D70E-4CA8-B3DF-2070C86FA627}.Release|Mixed Platforms.ActiveCfg = Release|Any CPU
		{8D683198-D70E-4CA8-B3DF-2070C86FA627}.Release|Mixed Platforms.Build.0 = Release|Any CPU
		{8D683198-D70E-4CA8-B3DF-2070C86FA627}.Release|x86.ActiveCfg = Release|Any CPU
		{8D683198-D70E-4CA8-B3DF-2070C86FA627}.Release|x86.Build.0 = Release|Any CPU
		{5EC4ABAF-1EFE-4C25-BB9B-7141E25661AE}.Clean Debug|Any CPU.ActiveCfg = Clean Debug|Any CPU
		{5EC4ABAF-1EFE-4C25-BB9B-7141E25661AE}.Clean Debug|Any CPU.Build.0 = Clean Debug|Any CPU
		{5EC4ABAF-1EFE-4C25-BB9B-7141E25661AE}.Clean Debug|Mixed Platforms.ActiveCfg = Clean Debug|Any CPU
		{5EC4ABAF-1EFE-4C25-BB9B-7141E25661AE}.Clean Debug|Mixed Platforms.Build.0 = Clean Debug|Any CPU
		{5EC4ABAF-1EFE-4C25-BB9B-7141E25661AE}.Clean Debug|x86.ActiveCfg = Clean Debug|Any CPU
		{5EC4ABAF-1EFE-4C25-BB9B-7141E25661AE}.Clean Debug|x86.Build.0 = Clean Debug|Any CPU
		{5EC4ABAF-1EFE-4C25-BB9B-7141E25661AE}.Debug|Any CPU.ActiveCfg = Debug|Any CPU
		{5EC4ABAF-1EFE-4C25-BB9B-7141E25661AE}.Debug|Any CPU.Build.0 = Debug|Any CPU
		{5EC4ABAF-1EFE-4C25-BB9B-7141E25661AE}.Debug|Mixed Platforms.ActiveCfg = Debug|Any CPU
		{5EC4ABAF-1EFE-4C25-BB9B-7141E25661AE}.Debug|Mixed Platforms.Build.0 = Debug|Any CPU
		{5EC4ABAF-1EFE-4C25-BB9B-7141E25661AE}.Debug|x86.ActiveCfg = Debug|Any CPU
		{5EC4ABAF-1EFE-4C25-BB9B-7141E25661AE}.Debug|x86.Build.0 = Debug|Any CPU
		{5EC4ABAF-1EFE-4C25-BB9B-7141E25661AE}.Release|Any CPU.ActiveCfg = Release|Any CPU
		{5EC4ABAF-1EFE-4C25-BB9B-7141E25661AE}.Release|Any CPU.Build.0 = Release|Any CPU
		{5EC4ABAF-1EFE-4C25-BB9B-7141E25661AE}.Release|Mixed Platforms.ActiveCfg = Release|Any CPU
		{5EC4ABAF-1EFE-4C25-BB9B-7141E25661AE}.Release|Mixed Platforms.Build.0 = Release|Any CPU
		{5EC4ABAF-1EFE-4C25-BB9B-7141E25661AE}.Release|x86.ActiveCfg = Release|Any CPU
		{5EC4ABAF-1EFE-4C25-BB9B-7141E25661AE}.Release|x86.Build.0 = Release|Any CPU
		{A97EA148-D009-47FE-9D97-545B5DFCE01F}.Clean Debug|Any CPU.ActiveCfg = Clean Debug|Any CPU
		{A97EA148-D009-47FE-9D97-545B5DFCE01F}.Clean Debug|Any CPU.Build.0 = Clean Debug|Any CPU
		{A97EA148-D009-47FE-9D97-545B5DFCE01F}.Clean Debug|Mixed Platforms.ActiveCfg = Clean Debug|Any CPU
		{A97EA148-D009-47FE-9D97-545B5DFCE01F}.Clean Debug|Mixed Platforms.Build.0 = Clean Debug|Any CPU
		{A97EA148-D009-47FE-9D97-545B5DFCE01F}.Clean Debug|x86.ActiveCfg = Clean Debug|Any CPU
		{A97EA148-D009-47FE-9D97-545B5DFCE01F}.Clean Debug|x86.Build.0 = Clean Debug|Any CPU
		{A97EA148-D009-47FE-9D97-545B5DFCE01F}.Debug|Any CPU.ActiveCfg = Debug|Any CPU
		{A97EA148-D009-47FE-9D97-545B5DFCE01F}.Debug|Any CPU.Build.0 = Debug|Any CPU
		{A97EA148-D009-47FE-9D97-545B5DFCE01F}.Debug|Mixed Platforms.ActiveCfg = Debug|Any CPU
		{A97EA148-D009-47FE-9D97-545B5DFCE01F}.Debug|Mixed Platforms.Build.0 = Debug|Any CPU
		{A97EA148-D009-47FE-9D97-545B5DFCE01F}.Debug|x86.ActiveCfg = Debug|Any CPU
		{A97EA148-D009-47FE-9D97-545B5DFCE01F}.Debug|x86.Build.0 = Debug|Any CPU
		{A97EA148-D009-47FE-9D97-545B5DFCE01F}.Release|Any CPU.ActiveCfg = Release|Any CPU
		{A97EA148-D009-47FE-9D97-545B5DFCE01F}.Release|Any CPU.Build.0 = Release|Any CPU
		{A97EA148-D009-47FE-9D97-545B5DFCE01F}.Release|Mixed Platforms.ActiveCfg = Release|Any CPU
		{A97EA148-D009-47FE-9D97-545B5DFCE01F}.Release|Mixed Platforms.Build.0 = Release|Any CPU
		{A97EA148-D009-47FE-9D97-545B5DFCE01F}.Release|x86.ActiveCfg = Release|Any CPU
		{A97EA148-D009-47FE-9D97-545B5DFCE01F}.Release|x86.Build.0 = Release|Any CPU
		{FA8CCD72-C969-49D5-90C7-941A45F6AFAB}.Clean Debug|Any CPU.ActiveCfg = Clean Debug|Any CPU
		{FA8CCD72-C969-49D5-90C7-941A45F6AFAB}.Clean Debug|Any CPU.Build.0 = Clean Debug|Any CPU
		{FA8CCD72-C969-49D5-90C7-941A45F6AFAB}.Clean Debug|Mixed Platforms.ActiveCfg = Clean Debug|Any CPU
		{FA8CCD72-C969-49D5-90C7-941A45F6AFAB}.Clean Debug|Mixed Platforms.Build.0 = Clean Debug|Any CPU
		{FA8CCD72-C969-49D5-90C7-941A45F6AFAB}.Clean Debug|x86.ActiveCfg = Clean Debug|Any CPU
		{FA8CCD72-C969-49D5-90C7-941A45F6AFAB}.Clean Debug|x86.Build.0 = Clean Debug|Any CPU
		{FA8CCD72-C969-49D5-90C7-941A45F6AFAB}.Debug|Any CPU.ActiveCfg = Debug|Any CPU
		{FA8CCD72-C969-49D5-90C7-941A45F6AFAB}.Debug|Any CPU.Build.0 = Debug|Any CPU
		{FA8CCD72-C969-49D5-90C7-941A45F6AFAB}.Debug|Mixed Platforms.ActiveCfg = Debug|Any CPU
		{FA8CCD72-C969-49D5-90C7-941A45F6AFAB}.Debug|Mixed Platforms.Build.0 = Debug|Any CPU
		{FA8CCD72-C969-49D5-90C7-941A45F6AFAB}.Debug|x86.ActiveCfg = Debug|Any CPU
		{FA8CCD72-C969-49D5-90C7-941A45F6AFAB}.Debug|x86.Build.0 = Debug|Any CPU
		{FA8CCD72-C969-49D5-90C7-941A45F6AFAB}.Release|Any CPU.ActiveCfg = Release|Any CPU
		{FA8CCD72-C969-49D5-90C7-941A45F6AFAB}.Release|Any CPU.Build.0 = Release|Any CPU
		{FA8CCD72-C969-49D5-90C7-941A45F6AFAB}.Release|Mixed Platforms.ActiveCfg = Release|Any CPU
		{FA8CCD72-C969-49D5-90C7-941A45F6AFAB}.Release|Mixed Platforms.Build.0 = Release|Any CPU
		{FA8CCD72-C969-49D5-90C7-941A45F6AFAB}.Release|x86.ActiveCfg = Release|Any CPU
		{FA8CCD72-C969-49D5-90C7-941A45F6AFAB}.Release|x86.Build.0 = Release|Any CPU
		{FBD829FD-06AB-42D4-9F6A-FFC863871997}.Clean Debug|Any CPU.ActiveCfg = Clean Debug|Any CPU
		{FBD829FD-06AB-42D4-9F6A-FFC863871997}.Clean Debug|Any CPU.Build.0 = Clean Debug|Any CPU
		{FBD829FD-06AB-42D4-9F6A-FFC863871997}.Clean Debug|Mixed Platforms.ActiveCfg = Clean Debug|Any CPU
		{FBD829FD-06AB-42D4-9F6A-FFC863871997}.Clean Debug|Mixed Platforms.Build.0 = Clean Debug|Any CPU
		{FBD829FD-06AB-42D4-9F6A-FFC863871997}.Clean Debug|x86.ActiveCfg = Clean Debug|Any CPU
		{FBD829FD-06AB-42D4-9F6A-FFC863871997}.Clean Debug|x86.Build.0 = Clean Debug|Any CPU
		{FBD829FD-06AB-42D4-9F6A-FFC863871997}.Debug|Any CPU.ActiveCfg = Debug|Any CPU
		{FBD829FD-06AB-42D4-9F6A-FFC863871997}.Debug|Any CPU.Build.0 = Debug|Any CPU
		{FBD829FD-06AB-42D4-9F6A-FFC863871997}.Debug|Mixed Platforms.ActiveCfg = Debug|Any CPU
		{FBD829FD-06AB-42D4-9F6A-FFC863871997}.Debug|Mixed Platforms.Build.0 = Debug|Any CPU
		{FBD829FD-06AB-42D4-9F6A-FFC863871997}.Debug|x86.ActiveCfg = Debug|Any CPU
		{FBD829FD-06AB-42D4-9F6A-FFC863871997}.Debug|x86.Build.0 = Debug|Any CPU
		{FBD829FD-06AB-42D4-9F6A-FFC863871997}.Release|Any CPU.ActiveCfg = Release|Any CPU
		{FBD829FD-06AB-42D4-9F6A-FFC863871997}.Release|Any CPU.Build.0 = Release|Any CPU
		{FBD829FD-06AB-42D4-9F6A-FFC863871997}.Release|Mixed Platforms.ActiveCfg = Release|Any CPU
		{FBD829FD-06AB-42D4-9F6A-FFC863871997}.Release|Mixed Platforms.Build.0 = Release|Any CPU
		{FBD829FD-06AB-42D4-9F6A-FFC863871997}.Release|x86.ActiveCfg = Release|Any CPU
		{FBD829FD-06AB-42D4-9F6A-FFC863871997}.Release|x86.Build.0 = Release|Any CPU
		{26E659DC-EF7A-48CC-8DA4-524A4D26555A}.Clean Debug|Any CPU.ActiveCfg = Clean Debug|Any CPU
		{26E659DC-EF7A-48CC-8DA4-524A4D26555A}.Clean Debug|Any CPU.Build.0 = Clean Debug|Any CPU
		{26E659DC-EF7A-48CC-8DA4-524A4D26555A}.Clean Debug|Mixed Platforms.ActiveCfg = Clean Debug|Any CPU
		{26E659DC-EF7A-48CC-8DA4-524A4D26555A}.Clean Debug|Mixed Platforms.Build.0 = Clean Debug|Any CPU
		{26E659DC-EF7A-48CC-8DA4-524A4D26555A}.Clean Debug|x86.ActiveCfg = Clean Debug|Any CPU
		{26E659DC-EF7A-48CC-8DA4-524A4D26555A}.Clean Debug|x86.Build.0 = Clean Debug|Any CPU
		{26E659DC-EF7A-48CC-8DA4-524A4D26555A}.Debug|Any CPU.ActiveCfg = Debug|Any CPU
		{26E659DC-EF7A-48CC-8DA4-524A4D26555A}.Debug|Any CPU.Build.0 = Debug|Any CPU
		{26E659DC-EF7A-48CC-8DA4-524A4D26555A}.Debug|Mixed Platforms.ActiveCfg = Debug|Any CPU
		{26E659DC-EF7A-48CC-8DA4-524A4D26555A}.Debug|Mixed Platforms.Build.0 = Debug|Any CPU
		{26E659DC-EF7A-48CC-8DA4-524A4D26555A}.Debug|x86.ActiveCfg = Debug|Any CPU
		{26E659DC-EF7A-48CC-8DA4-524A4D26555A}.Debug|x86.Build.0 = Debug|Any CPU
		{26E659DC-EF7A-48CC-8DA4-524A4D26555A}.Release|Any CPU.ActiveCfg = Release|Any CPU
		{26E659DC-EF7A-48CC-8DA4-524A4D26555A}.Release|Any CPU.Build.0 = Release|Any CPU
		{26E659DC-EF7A-48CC-8DA4-524A4D26555A}.Release|Mixed Platforms.ActiveCfg = Release|Any CPU
		{26E659DC-EF7A-48CC-8DA4-524A4D26555A}.Release|Mixed Platforms.Build.0 = Release|Any CPU
		{26E659DC-EF7A-48CC-8DA4-524A4D26555A}.Release|x86.ActiveCfg = Release|Any CPU
		{26E659DC-EF7A-48CC-8DA4-524A4D26555A}.Release|x86.Build.0 = Release|Any CPU
		{FEBE1308-1B0F-49D5-996B-350F39D3127C}.Clean Debug|Any CPU.ActiveCfg = Debug|Any CPU
		{FEBE1308-1B0F-49D5-996B-350F39D3127C}.Clean Debug|Any CPU.Build.0 = Debug|Any CPU
		{FEBE1308-1B0F-49D5-996B-350F39D3127C}.Clean Debug|Mixed Platforms.ActiveCfg = Debug|Any CPU
		{FEBE1308-1B0F-49D5-996B-350F39D3127C}.Clean Debug|Mixed Platforms.Build.0 = Debug|Any CPU
		{FEBE1308-1B0F-49D5-996B-350F39D3127C}.Clean Debug|x86.ActiveCfg = Debug|Any CPU
		{FEBE1308-1B0F-49D5-996B-350F39D3127C}.Debug|Any CPU.ActiveCfg = Debug|Any CPU
		{FEBE1308-1B0F-49D5-996B-350F39D3127C}.Debug|Any CPU.Build.0 = Debug|Any CPU
		{FEBE1308-1B0F-49D5-996B-350F39D3127C}.Debug|Mixed Platforms.ActiveCfg = Debug|Any CPU
		{FEBE1308-1B0F-49D5-996B-350F39D3127C}.Debug|Mixed Platforms.Build.0 = Debug|Any CPU
		{FEBE1308-1B0F-49D5-996B-350F39D3127C}.Debug|x86.ActiveCfg = Debug|Any CPU
		{FEBE1308-1B0F-49D5-996B-350F39D3127C}.Debug|x86.Build.0 = Debug|Any CPU
		{FEBE1308-1B0F-49D5-996B-350F39D3127C}.Release|Any CPU.ActiveCfg = Release|Any CPU
		{FEBE1308-1B0F-49D5-996B-350F39D3127C}.Release|Any CPU.Build.0 = Release|Any CPU
		{FEBE1308-1B0F-49D5-996B-350F39D3127C}.Release|Mixed Platforms.ActiveCfg = Release|Any CPU
		{FEBE1308-1B0F-49D5-996B-350F39D3127C}.Release|Mixed Platforms.Build.0 = Release|Any CPU
		{FEBE1308-1B0F-49D5-996B-350F39D3127C}.Release|x86.ActiveCfg = Release|Any CPU
		{FEBE1308-1B0F-49D5-996B-350F39D3127C}.Release|x86.Build.0 = Release|Any CPU
	EndGlobalSection
	GlobalSection(SolutionProperties) = preSolution
		HideSolutionNode = FALSE
	EndGlobalSection
	GlobalSection(NestedProjects) = preSolution
		{028A13C9-707F-4DEF-ABE9-6357A67BD038} = {A3487417-7150-4167-A49B-17232282C8BD}
		{B6E0F665-EFD4-4A1B-ABB9-005E447F2FFB} = {A3487417-7150-4167-A49B-17232282C8BD}
		{3895C5E1-B462-44C5-BF9D-0F7FE021C20E} = {028A13C9-707F-4DEF-ABE9-6357A67BD038}
		{8D683198-D70E-4CA8-B3DF-2070C86FA627} = {028A13C9-707F-4DEF-ABE9-6357A67BD038}
		{5EC4ABAF-1EFE-4C25-BB9B-7141E25661AE} = {B6E0F665-EFD4-4A1B-ABB9-005E447F2FFB}
		{A97EA148-D009-47FE-9D97-545B5DFCE01F} = {B6E0F665-EFD4-4A1B-ABB9-005E447F2FFB}
		{FA8CCD72-C969-49D5-90C7-941A45F6AFAB} = {B6E0F665-EFD4-4A1B-ABB9-005E447F2FFB}
		{FBD829FD-06AB-42D4-9F6A-FFC863871997} = {B6E0F665-EFD4-4A1B-ABB9-005E447F2FFB}
		{26E659DC-EF7A-48CC-8DA4-524A4D26555A} = {028A13C9-707F-4DEF-ABE9-6357A67BD038}
		{FEBE1308-1B0F-49D5-996B-350F39D3127C} = {B6E0F665-EFD4-4A1B-ABB9-005E447F2FFB}
	EndGlobalSection
EndGlobal
